
Microsoft Visual Studio Solution File, Format Version 12.00
# Visual Studio Version 16
VisualStudioVersion = 16.0.29123.88
MinimumVisualStudioVersion = 10.0.40219.1
Project("{BF3E9777-8F73-4B6B-8DDA-4095334E0A9B}") = "SendFile", "SendFile\SendFile.csproj", "{AE2551F4-BEEC-4D6A-BDBA-753A93949478}"
EndProject
Global
	GlobalSection(SolutionConfigurationPlatforms) = preSolution
		Debug|Any CPU = Debug|Any CPU
		Release|Any CPU = Release|Any CPU
	EndGlobalSection
	GlobalSection(ProjectConfigurationPlatforms) = postSolution
		{AE2551F4-BEEC-4D6A-BDBA-753A93949478}.Debug|Any CPU.ActiveCfg = Debug|Any CPU
		{AE2551F4-BEEC-4D6A-BDBA-753A93949478}.Debug|Any CPU.Build.0 = Debug|Any CPU
		{AE2551F4-BEEC-4D6A-BDBA-753A93949478}.Release|Any CPU.ActiveCfg = Release|Any CPU
		{AE2551F4-BEEC-4D6A-BDBA-753A93949478}.Release|Any CPU.Build.0 = Release|Any CPU
	EndGlobalSection
	GlobalSection(SolutionProperties) = preSolution
		HideSolutionNode = FALSE
	EndGlobalSection
	GlobalSection(ExtensibilityGlobals) = postSolution
		SolutionGuid = {984E2B60-4412-4929-9BAF-8CA3010BEAE6}
	EndGlobalSection
EndGlobal
