
Microsoft Visual Studio Solution File, Format Version 12.00
# Visual Studio Version 16
VisualStudioVersion = 16.0.29123.88
MinimumVisualStudioVersion = 10.0.40219.1
Project("{BF3E9777-8F73-4B6B-8DDA-4095334E0A9B}") = "RemoteCamera", "RemoteCamera\RemoteCamera.csproj", "{800C9F4E-8C88-49A6-8403-069052614607}"
EndProject
Global
	GlobalSection(SolutionConfigurationPlatforms) = preSolution
		Debug|Any CPU = Debug|Any CPU
		Release|Any CPU = Release|Any CPU
	EndGlobalSection
	GlobalSection(ProjectConfigurationPlatforms) = postSolution
		{800C9F4E-8C88-49A6-8403-069052614607}.Debug|Any CPU.ActiveCfg = Debug|Any CPU
		{800C9F4E-8C88-49A6-8403-069052614607}.Debug|Any CPU.Build.0 = Debug|Any CPU
		{800C9F4E-8C88-49A6-8403-069052614607}.Release|Any CPU.ActiveCfg = Release|Any CPU
		{800C9F4E-8C88-49A6-8403-069052614607}.Release|Any CPU.Build.0 = Release|Any CPU
	EndGlobalSection
	GlobalSection(SolutionProperties) = preSolution
		HideSolutionNode = FALSE
	EndGlobalSection
	GlobalSection(ExtensibilityGlobals) = postSolution
		SolutionGuid = {8CBE47B3-FDEA-4CE8-AC7F-E28EB6652225}
	EndGlobalSection
EndGlobal
