
Microsoft Visual Studio Solution File, Format Version 12.00
# Visual Studio Version 16
VisualStudioVersion = 16.0.29123.88
MinimumVisualStudioVersion = 10.0.40219.1
Project("{BF3E9777-8F73-4B6B-8DDA-4095334E0A9B}") = "RemoteDesktop", "RemoteDesktop\RemoteDesktop.csproj", "{701D3A34-AE91-4D51-A52B-AC4580C9965C}"
EndProject
Global
	GlobalSection(SolutionConfigurationPlatforms) = preSolution
		Debug|Any CPU = Debug|Any CPU
		Release|Any CPU = Release|Any CPU
	EndGlobalSection
	GlobalSection(ProjectConfigurationPlatforms) = postSolution
		{701D3A34-AE91-4D51-A52B-AC4580C9965C}.Debug|Any CPU.ActiveCfg = Debug|Any CPU
		{701D3A34-AE91-4D51-A52B-AC4580C9965C}.Debug|Any CPU.Build.0 = Debug|Any CPU
		{701D3A34-AE91-4D51-A52B-AC4580C9965C}.Release|Any CPU.ActiveCfg = Release|Any CPU
		{701D3A34-AE91-4D51-A52B-AC4580C9965C}.Release|Any CPU.Build.0 = Release|Any CPU
	EndGlobalSection
	GlobalSection(SolutionProperties) = preSolution
		HideSolutionNode = FALSE
	EndGlobalSection
	GlobalSection(ExtensibilityGlobals) = postSolution
		SolutionGuid = {2BF22E5D-FB17-4614-820E-8C36DC651767}
	EndGlobalSection
EndGlobal
